
Microsoft Visual Studio Solution File, Format Version 12.00
# Visual Studio 14
VisualStudioVersion = 14.0.24720.0
MinimumVisualStudioVersion = 10.0.40219.1
Project("{FAE04EC0-301F-11D3-BF4B-00C04F79EFBC}") = "FooEditor", "FooEditor\FooEditor.csproj", "{5F06AF65-3E7F-4EBB-96EE-8A9ED331A7D8}"
EndProject
Project("{FAE04EC0-301F-11D3-BF4B-00C04F79EFBC}") = "AdminOperation", "AdminOperation\AdminOperation.csproj", "{6A4DA1A7-586C-4C01-B1ED-E4F78F733503}"
EndProject
Project("{FAE04EC0-301F-11D3-BF4B-00C04F79EFBC}") = "Outline", "Outline\Outline.csproj", "{035BA5AD-E9C2-48C7-89B1-D708F108E246}"
EndProject
Project("{FAE04EC0-301F-11D3-BF4B-00C04F79EFBC}") = "StringFilter", "StringFilter\StringFilter.csproj", "{20D88537-B25D-4F3B-A29D-76A573662942}"
EndProject
Project("{FAE04EC0-301F-11D3-BF4B-00C04F79EFBC}") = "Snippet", "Snippet\Snippet.csproj", "{4599553E-D53C-4148-8D18-42991CD5759D}"
EndProject
Project("{FAE04EC0-301F-11D3-BF4B-00C04F79EFBC}") = "AutoComplete", "AutoComplete\AutoComplete.csproj", "{9F657880-88E2-45DC-93D8-B49526BEC627}"
EndProject
Project("{FAE04EC0-301F-11D3-BF4B-00C04F79EFBC}") = "XmlCompleter", "XmlCompleter\XmlCompleter.csproj", "{D9FA264D-DECA-4861-A206-40E25BA101E7}"
EndProject
Project("{FAE04EC0-301F-11D3-BF4B-00C04F79EFBC}") = "EncodeDetect", "..\Common\EncodeDetect\EncodeDetect.csproj", "{942362A6-24FD-4601-A496-9BD4C08A64A9}"
EndProject
Project("{D954291E-2A0B-460D-934E-DC6B0785DB48}") = "Common", "..\Common\Common.shproj", "{19CD9102-AEC4-4C06-8B1F-114762868F7E}"
EndProject
Global
	GlobalSection(SharedMSBuildProjectFiles) = preSolution
		..\Common\Common.projitems*{19cd9102-aec4-4c06-8b1f-114762868f7e}*SharedItemsImports = 13
		..\Common\Common.projitems*{5f06af65-3e7f-4ebb-96ee-8a9ed331a7d8}*SharedItemsImports = 4
	EndGlobalSection
	GlobalSection(SolutionConfigurationPlatforms) = preSolution
		Debug|Any CPU = Debug|Any CPU
		Debug|Mixed Platforms = Debug|Mixed Platforms
		Debug|x86 = Debug|x86
		Release|Any CPU = Release|Any CPU
		Release|Mixed Platforms = Release|Mixed Platforms
		Release|x86 = Release|x86
	EndGlobalSection
	GlobalSection(ProjectConfigurationPlatforms) = postSolution
		{5F06AF65-3E7F-4EBB-96EE-8A9ED331A7D8}.Debug|Any CPU.ActiveCfg = Debug|Any CPU
		{5F06AF65-3E7F-4EBB-96EE-8A9ED331A7D8}.Debug|Any CPU.Build.0 = Debug|Any CPU
		{5F06AF65-3E7F-4EBB-96EE-8A9ED331A7D8}.Debug|Mixed Platforms.ActiveCfg = Debug|Any CPU
		{5F06AF65-3E7F-4EBB-96EE-8A9ED331A7D8}.Debug|Mixed Platforms.Build.0 = Debug|Any CPU
		{5F06AF65-3E7F-4EBB-96EE-8A9ED331A7D8}.Debug|x86.ActiveCfg = Debug|Any CPU
		{5F06AF65-3E7F-4EBB-96EE-8A9ED331A7D8}.Release|Any CPU.ActiveCfg = Release|Any CPU
		{5F06AF65-3E7F-4EBB-96EE-8A9ED331A7D8}.Release|Any CPU.Build.0 = Release|Any CPU
		{5F06AF65-3E7F-4EBB-96EE-8A9ED331A7D8}.Release|Mixed Platforms.ActiveCfg = Release|Any CPU
		{5F06AF65-3E7F-4EBB-96EE-8A9ED331A7D8}.Release|Mixed Platforms.Build.0 = Release|Any CPU
		{5F06AF65-3E7F-4EBB-96EE-8A9ED331A7D8}.Release|x86.ActiveCfg = Release|Any CPU
		{6A4DA1A7-586C-4C01-B1ED-E4F78F733503}.Debug|Any CPU.ActiveCfg = Debug|Any CPU
		{6A4DA1A7-586C-4C01-B1ED-E4F78F733503}.Debug|Any CPU.Build.0 = Debug|Any CPU
		{6A4DA1A7-586C-4C01-B1ED-E4F78F733503}.Debug|Mixed Platforms.ActiveCfg = Debug|Any CPU
		{6A4DA1A7-586C-4C01-B1ED-E4F78F733503}.Debug|Mixed Platforms.Build.0 = Debug|Any CPU
		{6A4DA1A7-586C-4C01-B1ED-E4F78F733503}.Debug|x86.ActiveCfg = Debug|Any CPU
		{6A4DA1A7-586C-4C01-B1ED-E4F78F733503}.Release|Any CPU.ActiveCfg = Release|Any CPU
		{6A4DA1A7-586C-4C01-B1ED-E4F78F733503}.Release|Any CPU.Build.0 = Release|Any CPU
		{6A4DA1A7-586C-4C01-B1ED-E4F78F733503}.Release|Mixed Platforms.ActiveCfg = Release|Any CPU
		{6A4DA1A7-586C-4C01-B1ED-E4F78F733503}.Release|Mixed Platforms.Build.0 = Release|Any CPU
		{6A4DA1A7-586C-4C01-B1ED-E4F78F733503}.Release|x86.ActiveCfg = Release|Any CPU
		{035BA5AD-E9C2-48C7-89B1-D708F108E246}.Debug|Any CPU.ActiveCfg = Debug|Any CPU
		{035BA5AD-E9C2-48C7-89B1-D708F108E246}.Debug|Any CPU.Build.0 = Debug|Any CPU
		{035BA5AD-E9C2-48C7-89B1-D708F108E246}.Debug|Mixed Platforms.ActiveCfg = Debug|Any CPU
		{035BA5AD-E9C2-48C7-89B1-D708F108E246}.Debug|Mixed Platforms.Build.0 = Debug|Any CPU
		{035BA5AD-E9C2-48C7-89B1-D708F108E246}.Debug|x86.ActiveCfg = Debug|Any CPU
		{035BA5AD-E9C2-48C7-89B1-D708F108E246}.Release|Any CPU.ActiveCfg = Release|Any CPU
		{035BA5AD-E9C2-48C7-89B1-D708F108E246}.Release|Any CPU.Build.0 = Release|Any CPU
		{035BA5AD-E9C2-48C7-89B1-D708F108E246}.Release|Mixed Platforms.ActiveCfg = Release|Any CPU
		{035BA5AD-E9C2-48C7-89B1-D708F108E246}.Release|Mixed Platforms.Build.0 = Release|Any CPU
		{035BA5AD-E9C2-48C7-89B1-D708F108E246}.Release|x86.ActiveCfg = Release|Any CPU
		{20D88537-B25D-4F3B-A29D-76A573662942}.Debug|Any CPU.ActiveCfg = Debug|Any CPU
		{20D88537-B25D-4F3B-A29D-76A573662942}.Debug|Any CPU.Build.0 = Debug|Any CPU
		{20D88537-B25D-4F3B-A29D-76A573662942}.Debug|Mixed Platforms.ActiveCfg = Debug|Any CPU
		{20D88537-B25D-4F3B-A29D-76A573662942}.Debug|Mixed Platforms.Build.0 = Debug|Any CPU
		{20D88537-B25D-4F3B-A29D-76A573662942}.Debug|x86.ActiveCfg = Debug|Any CPU
		{20D88537-B25D-4F3B-A29D-76A573662942}.Release|Any CPU.ActiveCfg = Release|Any CPU
		{20D88537-B25D-4F3B-A29D-76A573662942}.Release|Any CPU.Build.0 = Release|Any CPU
		{20D88537-B25D-4F3B-A29D-76A573662942}.Release|Mixed Platforms.ActiveCfg = Release|Any CPU
		{20D88537-B25D-4F3B-A29D-76A573662942}.Release|Mixed Platforms.Build.0 = Release|Any CPU
		{20D88537-B25D-4F3B-A29D-76A573662942}.Release|x86.ActiveCfg = Release|Any CPU
		{4599553E-D53C-4148-8D18-42991CD5759D}.Debug|Any CPU.ActiveCfg = Debug|Any CPU
		{4599553E-D53C-4148-8D18-42991CD5759D}.Debug|Any CPU.Build.0 = Debug|Any CPU
		{4599553E-D53C-4148-8D18-42991CD5759D}.Debug|Mixed Platforms.ActiveCfg = Debug|Any CPU
		{4599553E-D53C-4148-8D18-42991CD5759D}.Debug|Mixed Platforms.Build.0 = Debug|Any CPU
		{4599553E-D53C-4148-8D18-42991CD5759D}.Debug|x86.ActiveCfg = Debug|Any CPU
		{4599553E-D53C-4148-8D18-42991CD5759D}.Release|Any CPU.ActiveCfg = Release|Any CPU
		{4599553E-D53C-4148-8D18-42991CD5759D}.Release|Any CPU.Build.0 = Release|Any CPU
		{4599553E-D53C-4148-8D18-42991CD5759D}.Release|Mixed Platforms.ActiveCfg = Release|Any CPU
		{4599553E-D53C-4148-8D18-42991CD5759D}.Release|Mixed Platforms.Build.0 = Release|Any CPU
		{4599553E-D53C-4148-8D18-42991CD5759D}.Release|x86.ActiveCfg = Release|Any CPU
		{9F657880-88E2-45DC-93D8-B49526BEC627}.Debug|Any CPU.ActiveCfg = Debug|Any CPU
		{9F657880-88E2-45DC-93D8-B49526BEC627}.Debug|Any CPU.Build.0 = Debug|Any CPU
		{9F657880-88E2-45DC-93D8-B49526BEC627}.Debug|Mixed Platforms.ActiveCfg = Debug|Any CPU
		{9F657880-88E2-45DC-93D8-B49526BEC627}.Debug|Mixed Platforms.Build.0 = Debug|Any CPU
		{9F657880-88E2-45DC-93D8-B49526BEC627}.Debug|x86.ActiveCfg = Debug|Any CPU
		{9F657880-88E2-45DC-93D8-B49526BEC627}.Release|Any CPU.ActiveCfg = Release|Any CPU
		{9F657880-88E2-45DC-93D8-B49526BEC627}.Release|Any CPU.Build.0 = Release|Any CPU
		{9F657880-88E2-45DC-93D8-B49526BEC627}.Release|Mixed Platforms.ActiveCfg = Release|Any CPU
		{9F657880-88E2-45DC-93D8-B49526BEC627}.Release|Mixed Platforms.Build.0 = Release|Any CPU
		{9F657880-88E2-45DC-93D8-B49526BEC627}.Release|x86.ActiveCfg = Release|Any CPU
		{D9FA264D-DECA-4861-A206-40E25BA101E7}.Debug|Any CPU.ActiveCfg = Debug|Any CPU
		{D9FA264D-DECA-4861-A206-40E25BA101E7}.Debug|Any CPU.Build.0 = Debug|Any CPU
		{D9FA264D-DECA-4861-A206-40E25BA101E7}.Debug|Mixed Platforms.ActiveCfg = Debug|Any CPU
		{D9FA264D-DECA-4861-A206-40E25BA101E7}.Debug|Mixed Platforms.Build.0 = Debug|Any CPU
		{D9FA264D-DECA-4861-A206-40E25BA101E7}.Debug|x86.ActiveCfg = Debug|Any CPU
		{D9FA264D-DECA-4861-A206-40E25BA101E7}.Release|Any CPU.ActiveCfg = Release|Any CPU
		{D9FA264D-DECA-4861-A206-40E25BA101E7}.Release|Any CPU.Build.0 = Release|Any CPU
		{D9FA264D-DECA-4861-A206-40E25BA101E7}.Release|Mixed Platforms.ActiveCfg = Release|Any CPU
		{D9FA264D-DECA-4861-A206-40E25BA101E7}.Release|Mixed Platforms.Build.0 = Release|Any CPU
		{D9FA264D-DECA-4861-A206-40E25BA101E7}.Release|x86.ActiveCfg = Release|Any CPU
		{942362A6-24FD-4601-A496-9BD4C08A64A9}.Debug|Any CPU.ActiveCfg = Debug|Any CPU
		{942362A6-24FD-4601-A496-9BD4C08A64A9}.Debug|Any CPU.Build.0 = Debug|Any CPU
		{942362A6-24FD-4601-A496-9BD4C08A64A9}.Debug|Mixed Platforms.ActiveCfg = Debug|Any CPU
		{942362A6-24FD-4601-A496-9BD4C08A64A9}.Debug|Mixed Platforms.Build.0 = Debug|Any CPU
		{942362A6-24FD-4601-A496-9BD4C08A64A9}.Debug|x86.ActiveCfg = Debug|Any CPU
		{942362A6-24FD-4601-A496-9BD4C08A64A9}.Release|Any CPU.ActiveCfg = Release|Any CPU
		{942362A6-24FD-4601-A496-9BD4C08A64A9}.Release|Any CPU.Build.0 = Release|Any CPU
		{942362A6-24FD-4601-A496-9BD4C08A64A9}.Release|Mixed Platforms.ActiveCfg = Release|Any CPU
		{942362A6-24FD-4601-A496-9BD4C08A64A9}.Release|Mixed Platforms.Build.0 = Release|Any CPU
		{942362A6-24FD-4601-A496-9BD4C08A64A9}.Release|x86.ActiveCfg = Release|Any CPU
	EndGlobalSection
	GlobalSection(SolutionProperties) = preSolution
		HideSolutionNode = FALSE
	EndGlobalSection
EndGlobal
